
Microsoft Visual Studio Solution File, Format Version 10.00
# Visual Studio 2008
# SharpDevelop 3.0.0.3800
Project("{FAE04EC0-301F-11D3-BF4B-00C04F79EFBC}") = "KIDPlayer1", "KIDPlayer1.csproj", "{54E24482-4FED-4272-9013-61158F84C077}"
EndProject
Global
	GlobalSection(SolutionConfigurationPlatforms) = preSolution
		Debug|Any CPU = Debug|Any CPU
		Release|Any CPU = Release|Any CPU
	EndGlobalSection
	GlobalSection(ProjectConfigurationPlatforms) = postSolution
		{54E24482-4FED-4272-9013-61158F84C077}.Debug|Any CPU.Build.0 = Debug|Any CPU
		{54E24482-4FED-4272-9013-61158F84C077}.Debug|Any CPU.ActiveCfg = Debug|Any CPU
		{54E24482-4FED-4272-9013-61158F84C077}.Release|Any CPU.Build.0 = Release|Any CPU
		{54E24482-4FED-4272-9013-61158F84C077}.Release|Any CPU.ActiveCfg = Release|Any CPU
	EndGlobalSection
EndGlobal
